
Microsoft Visual Studio Solution File, Format Version 12.00
# Visual Studio 2012
Project("{FAE04EC0-301F-11D3-BF4B-00C04F79EFBC}") = "PC.Monitoring", "PC.Monitoring\PC.Monitoring.csproj", "{9767E75B-03AE-480B-9EBA-774E6A695ADB}"
EndProject
Global
	GlobalSection(SolutionConfigurationPlatforms) = preSolution
		Debug|Any CPU = Debug|Any CPU
		Release|Any CPU = Release|Any CPU
	EndGlobalSection
	GlobalSection(ProjectConfigurationPlatforms) = postSolution
		{9767E75B-03AE-480B-9EBA-774E6A695ADB}.Debug|Any CPU.ActiveCfg = Debug|Any CPU
		{9767E75B-03AE-480B-9EBA-774E6A695ADB}.Debug|Any CPU.Build.0 = Debug|Any CPU
		{9767E75B-03AE-480B-9EBA-774E6A695ADB}.Release|Any CPU.ActiveCfg = Release|Any CPU
		{9767E75B-03AE-480B-9EBA-774E6A695ADB}.Release|Any CPU.Build.0 = Release|Any CPU
	EndGlobalSection
	GlobalSection(SolutionProperties) = preSolution
		HideSolutionNode = FALSE
	EndGlobalSection
EndGlobal
